Microsoft Visual Studio Solution File, Format Version 12.00
# Visual Studio 2012
Project("{FAE04EC0-301F-11D3-BF4B-00C04F79EFBC}") = "Anomaly", "Anomaly.csproj", "{A332C5CE-4463-4D8E-917B-68B132BCFEDA}"
EndProject
Project("{FAE04EC0-301F-11D3-BF4B-00C04F79EFBC}") = "Anomaly.Tests", "Tests\Anomaly.Tests.csproj", "{DE729F7B-0CDD-4D3E-A4BA-3DACA3CEBF92}"
EndProject
Global
	GlobalSection(SolutionConfigurationPlatforms) = preSolution
		Debug|Any CPU = Debug|Any CPU
		ExportDebug|Any CPU = ExportDebug|Any CPU
		ExportRelease|Any CPU = ExportRelease|Any CPU
	EndGlobalSection
	GlobalSection(ProjectConfigurationPlatforms) = postSolution
		{A332C5CE-4463-4D8E-917B-68B132BCFEDA}.Debug|Any CPU.ActiveCfg = Debug|Any CPU
		{A332C5CE-4463-4D8E-917B-68B132BCFEDA}.Debug|Any CPU.Build.0 = Debug|Any CPU
		{A332C5CE-4463-4D8E-917B-68B132BCFEDA}.ExportDebug|Any CPU.ActiveCfg = ExportDebug|Any CPU
		{A332C5CE-4463-4D8E-917B-68B132BCFEDA}.ExportDebug|Any CPU.Build.0 = ExportDebug|Any CPU
		{A332C5CE-4463-4D8E-917B-68B132BCFEDA}.ExportRelease|Any CPU.ActiveCfg = ExportRelease|Any CPU
		{A332C5CE-4463-4D8E-917B-68B132BCFEDA}.ExportRelease|Any CPU.Build.0 = ExportRelease|Any CPU
		{DE729F7B-0CDD-4D3E-A4BA-3DACA3CEBF92}.Debug|Any CPU.ActiveCfg = Debug|Any CPU
		{DE729F7B-0CDD-4D3E-A4BA-3DACA3CEBF92}.Debug|Any CPU.Build.0 = Debug|Any CPU
		{DE729F7B-0CDD-4D3E-A4BA-3DACA3CEBF92}.ExportDebug|Any CPU.ActiveCfg = Debug|Any CPU
		{DE729F7B-0CDD-4D3E-A4BA-3DACA3CEBF92}.ExportDebug|Any CPU.Build.0 = Debug|Any CPU
		{DE729F7B-0CDD-4D3E-A4BA-3DACA3CEBF92}.ExportRelease|Any CPU.ActiveCfg = Debug|Any CPU
		{DE729F7B-0CDD-4D3E-A4BA-3DACA3CEBF92}.ExportRelease|Any CPU.Build.0 = Debug|Any CPU
	EndGlobalSection
EndGlobal
